<?xml version="1.0" encoding="UTF-8" standalone="yes" ?>
<CodeBlocks_project_file>
	<FileVersion major="1" minor="6" />
	<Project>
		<Option title="asc500_cnt" />
		<Option pch_mode="2" />
		<Option compiler="gcc" />
		<Build>
			<Target title="Debug">
				<Option platforms="Windows;" />
				<Option output="bin/Debug/asc500_cnt" prefix_auto="1" extension_auto="1" />
				<Option object_output="obj/Debug/" />
				<Option type="1" />
				<Option compiler="mingw-w64-win32" />
				<Compiler>
					<Add option="-pedantic" />
					<Add option="-g" />
				</Compiler>
			</Target>
		</Build>
		<Compiler>
			<Add option="-Wall" />
			<Add option="-std=c++14" />
		</Compiler>
		<Linker>
			<Add option="daisybase.lib" />
		</Linker>
		<Unit filename="asc500.h" />
		<Unit filename="daisybase.h" />
		<Unit filename="daisydata.h" />
		<Unit filename="daisydecl.h" />
		<Unit filename="example500_counter.cpp">
			<Option compile="0" />
			<Option link="0" />
			<Option target="&lt;{~None~}&gt;" />
		</Unit>
		<Unit filename="example500_counter_clean.cpp" />
		<Unit filename="metadata.h" />
		<Extensions>
			<code_completion />
			<envvars />
			<debugger />
		</Extensions>
	</Project>
</CodeBlocks_project_file>
